
Microsoft Visual Studio Solution File, Format Version 12.00
# Visual Studio Version 16
VisualStudioVersion = 16.0.31205.134
MinimumVisualStudioVersion = 10.0.40219.1
Project("{FAE04EC0-301F-11D3-BF4B-00C04F79EFBC}") = "WPF Practice", "WPF Practice\WPF Practice.csproj", "{EEA4A2C4-B3E1-4815-9AEE-9EF00EE1CD19}"
EndProject
Project("{FAE04EC0-301F-11D3-BF4B-00C04F79EFBC}") = "MVVM Practice", "MVVM Practice\MVVM Practice.csproj", "{FC676675-0362-4FEA-B905-6BC6189EAA80}"
EndProject
Project("{FAE04EC0-301F-11D3-BF4B-00C04F79EFBC}") = "MVVM_MahApps_Practice", "MVVM_MahApps_Practice\MVVM_MahApps_Practice.csproj", "{222475D4-E9E4-4264-B26D-A06EA974F3FC}"
EndProject
Project("{2150E333-8FDC-42A3-9474-1A3956D46DE8}") = "Basic", "Basic", "{C8F3B5BB-BA54-460E-A8E4-AC7693C29086}"
EndProject
Project("{2150E333-8FDC-42A3-9474-1A3956D46DE8}") = "Middle", "Middle", "{11670A6A-C5FB-465C-B2B2-A462C183FDC1}"
EndProject
Project("{2150E333-8FDC-42A3-9474-1A3956D46DE8}") = "WPFStudy", "WPFStudy", "{7B879AB9-1FAA-4506-8EDE-B600AC19A371}"
EndProject
Project("{FAE04EC0-301F-11D3-BF4B-00C04F79EFBC}") = "WpfCaliburnApp", "WpfCaliburnApp\WpfCaliburnApp.csproj", "{A5E369E3-0156-4298-A311-090AB20735A8}"
EndProject
Project("{FAE04EC0-301F-11D3-BF4B-00C04F79EFBC}") = "WpfCaliburnPageApp", "WpfCaliburnPageApp\WpfCaliburnPageApp.csproj", "{CA38F2F5-40BD-4335-A3E0-A93DD4C64D7A}"
EndProject
Project("{FAE04EC0-301F-11D3-BF4B-00C04F79EFBC}") = "EmployeeMngApp", "EmployeeMngApp\EmployeeMngApp.csproj", "{72B394DB-AB9A-4D2E-AF14-A6A1F0F54512}"
EndProject
Global
	GlobalSection(SolutionConfigurationPlatforms) = preSolution
		Debug|Any CPU = Debug|Any CPU
		Release|Any CPU = Release|Any CPU
	EndGlobalSection
	GlobalSection(ProjectConfigurationPlatforms) = postSolution
		{EEA4A2C4-B3E1-4815-9AEE-9EF00EE1CD19}.Debug|Any CPU.ActiveCfg = Debug|Any CPU
		{EEA4A2C4-B3E1-4815-9AEE-9EF00EE1CD19}.Debug|Any CPU.Build.0 = Debug|Any CPU
		{EEA4A2C4-B3E1-4815-9AEE-9EF00EE1CD19}.Release|Any CPU.ActiveCfg = Release|Any CPU
		{EEA4A2C4-B3E1-4815-9AEE-9EF00EE1CD19}.Release|Any CPU.Build.0 = Release|Any CPU
		{FC676675-0362-4FEA-B905-6BC6189EAA80}.Debug|Any CPU.ActiveCfg = Debug|Any CPU
		{FC676675-0362-4FEA-B905-6BC6189EAA80}.Debug|Any CPU.Build.0 = Debug|Any CPU
		{FC676675-0362-4FEA-B905-6BC6189EAA80}.Release|Any CPU.ActiveCfg = Release|Any CPU
		{FC676675-0362-4FEA-B905-6BC6189EAA80}.Release|Any CPU.Build.0 = Release|Any CPU
		{222475D4-E9E4-4264-B26D-A06EA974F3FC}.Debug|Any CPU.ActiveCfg = Debug|Any CPU
		{222475D4-E9E4-4264-B26D-A06EA974F3FC}.Debug|Any CPU.Build.0 = Debug|Any CPU
		{222475D4-E9E4-4264-B26D-A06EA974F3FC}.Release|Any CPU.ActiveCfg = Release|Any CPU
		{222475D4-E9E4-4264-B26D-A06EA974F3FC}.Release|Any CPU.Build.0 = Release|Any CPU
		{A5E369E3-0156-4298-A311-090AB20735A8}.Debug|Any CPU.ActiveCfg = Debug|Any CPU
		{A5E369E3-0156-4298-A311-090AB20735A8}.Debug|Any CPU.Build.0 = Debug|Any CPU
		{A5E369E3-0156-4298-A311-090AB20735A8}.Release|Any CPU.ActiveCfg = Release|Any CPU
		{A5E369E3-0156-4298-A311-090AB20735A8}.Release|Any CPU.Build.0 = Release|Any CPU
		{CA38F2F5-40BD-4335-A3E0-A93DD4C64D7A}.Debug|Any CPU.ActiveCfg = Debug|Any CPU
		{CA38F2F5-40BD-4335-A3E0-A93DD4C64D7A}.Debug|Any CPU.Build.0 = Debug|Any CPU
		{CA38F2F5-40BD-4335-A3E0-A93DD4C64D7A}.Release|Any CPU.ActiveCfg = Release|Any CPU
		{CA38F2F5-40BD-4335-A3E0-A93DD4C64D7A}.Release|Any CPU.Build.0 = Release|Any CPU
		{72B394DB-AB9A-4D2E-AF14-A6A1F0F54512}.Debug|Any CPU.ActiveCfg = Debug|Any CPU
		{72B394DB-AB9A-4D2E-AF14-A6A1F0F54512}.Debug|Any CPU.Build.0 = Debug|Any CPU
		{72B394DB-AB9A-4D2E-AF14-A6A1F0F54512}.Release|Any CPU.ActiveCfg = Release|Any CPU
		{72B394DB-AB9A-4D2E-AF14-A6A1F0F54512}.Release|Any CPU.Build.0 = Release|Any CPU
	EndGlobalSection
	GlobalSection(SolutionProperties) = preSolution
		HideSolutionNode = FALSE
	EndGlobalSection
	GlobalSection(NestedProjects) = preSolution
		{EEA4A2C4-B3E1-4815-9AEE-9EF00EE1CD19} = {7B879AB9-1FAA-4506-8EDE-B600AC19A371}
		{FC676675-0362-4FEA-B905-6BC6189EAA80} = {7B879AB9-1FAA-4506-8EDE-B600AC19A371}
		{222475D4-E9E4-4264-B26D-A06EA974F3FC} = {C8F3B5BB-BA54-460E-A8E4-AC7693C29086}
		{A5E369E3-0156-4298-A311-090AB20735A8} = {C8F3B5BB-BA54-460E-A8E4-AC7693C29086}
		{CA38F2F5-40BD-4335-A3E0-A93DD4C64D7A} = {C8F3B5BB-BA54-460E-A8E4-AC7693C29086}
		{72B394DB-AB9A-4D2E-AF14-A6A1F0F54512} = {C8F3B5BB-BA54-460E-A8E4-AC7693C29086}
	EndGlobalSection
	GlobalSection(ExtensibilityGlobals) = postSolution
		SolutionGuid = {1FAEBE53-61B7-4FBB-AE0C-E619C751557B}
	EndGlobalSection
EndGlobal
