
Microsoft Visual Studio Solution File, Format Version 12.00
# Visual Studio Version 16
VisualStudioVersion = 16.0.31205.134
MinimumVisualStudioVersion = 10.0.40219.1
Project("{FAE04EC0-301F-11D3-BF4B-00C04F79EFBC}") = "WPF Practice", "WPF Practice\WPF Practice.csproj", "{EEA4A2C4-B3E1-4815-9AEE-9EF00EE1CD19}"
EndProject
Project("{FAE04EC0-301F-11D3-BF4B-00C04F79EFBC}") = "MVVM Practice", "MVVM Practice\MVVM Practice.csproj", "{FC676675-0362-4FEA-B905-6BC6189EAA80}"
EndProject
Global
	GlobalSection(SolutionConfigurationPlatforms) = preSolution
		Debug|Any CPU = Debug|Any CPU
		Release|Any CPU = Release|Any CPU
	EndGlobalSection
	GlobalSection(ProjectConfigurationPlatforms) = postSolution
		{EEA4A2C4-B3E1-4815-9AEE-9EF00EE1CD19}.Debug|Any CPU.ActiveCfg = Debug|Any CPU
		{EEA4A2C4-B3E1-4815-9AEE-9EF00EE1CD19}.Debug|Any CPU.Build.0 = Debug|Any CPU
		{EEA4A2C4-B3E1-4815-9AEE-9EF00EE1CD19}.Release|Any CPU.ActiveCfg = Release|Any CPU
		{EEA4A2C4-B3E1-4815-9AEE-9EF00EE1CD19}.Release|Any CPU.Build.0 = Release|Any CPU
		{FC676675-0362-4FEA-B905-6BC6189EAA80}.Debug|Any CPU.ActiveCfg = Debug|Any CPU
		{FC676675-0362-4FEA-B905-6BC6189EAA80}.Debug|Any CPU.Build.0 = Debug|Any CPU
		{FC676675-0362-4FEA-B905-6BC6189EAA80}.Release|Any CPU.ActiveCfg = Release|Any CPU
		{FC676675-0362-4FEA-B905-6BC6189EAA80}.Release|Any CPU.Build.0 = Release|Any CPU
	EndGlobalSection
	GlobalSection(SolutionProperties) = preSolution
		HideSolutionNode = FALSE
	EndGlobalSection
	GlobalSection(ExtensibilityGlobals) = postSolution
		SolutionGuid = {1FAEBE53-61B7-4FBB-AE0C-E619C751557B}
	EndGlobalSection
EndGlobal
